
Microsoft Visual Studio Solution File, Format Version 12.00
# Visual Studio Version 16
VisualStudioVersion = 16.0.30804.86
MinimumVisualStudioVersion = 10.0.40219.1
Project("{8BC9CEB8-8B4A-11D0-8D11-00A0C91BC942}") = "Lab 7.1", "Lab 7.1\Lab 7.1.vcxproj", "{F72C9674-D556-4A3D-8EFE-C6A1485BAFA6}"
EndProject
Global
	GlobalSection(SolutionConfigurationPlatforms) = preSolution
		Debug|x64 = Debug|x64
		Debug|x86 = Debug|x86
		Release|x64 = Release|x64
		Release|x86 = Release|x86
	EndGlobalSection
	GlobalSection(ProjectConfigurationPlatforms) = postSolution
		{F72C9674-D556-4A3D-8EFE-C6A1485BAFA6}.Debug|x64.ActiveCfg = Debug|x64
		{F72C9674-D556-4A3D-8EFE-C6A1485BAFA6}.Debug|x64.Build.0 = Debug|x64
		{F72C9674-D556-4A3D-8EFE-C6A1485BAFA6}.Debug|x86.ActiveCfg = Debug|Win32
		{F72C9674-D556-4A3D-8EFE-C6A1485BAFA6}.Debug|x86.Build.0 = Debug|Win32
		{F72C9674-D556-4A3D-8EFE-C6A1485BAFA6}.Release|x64.ActiveCfg = Release|x64
		{F72C9674-D556-4A3D-8EFE-C6A1485BAFA6}.Release|x64.Build.0 = Release|x64
		{F72C9674-D556-4A3D-8EFE-C6A1485BAFA6}.Release|x86.ActiveCfg = Release|Win32
		{F72C9674-D556-4A3D-8EFE-C6A1485BAFA6}.Release|x86.Build.0 = Release|Win32
	EndGlobalSection
	GlobalSection(SolutionProperties) = preSolution
		HideSolutionNode = FALSE
	EndGlobalSection
	GlobalSection(ExtensibilityGlobals) = postSolution
		SolutionGuid = {C2E3059F-54D1-4EB0-BE50-2BAAF044B008}
	EndGlobalSection
EndGlobal
